// !$*UTF8*$!
{
	archiveVersion = 1;
	classes = {
	};
	objectVersion = 46;
	objects = {

/* Begin PBXBuildFile section */
		385811A91EFB1E28007CD2E7 /* GBens.xcdatamodeld in Sources */ = {isa = PBXBuildFile; fileRef = 385811A71EFB1E28007CD2E7 /* GBens.xcdatamodeld */; };
		385811AB1EFB1E28007CD2E7 /* Assets.xcassets in Resources */ = {isa = PBXBuildFile; fileRef = 385811AA1EFB1E28007CD2E7 /* Assets.xcassets */; };
		385811B91EFB1E29007CD2E7 /* GBensTests.swift in Sources */ = {isa = PBXBuildFile; fileRef = 385811B81EFB1E29007CD2E7 /* GBensTests.swift */; };
		385811C41EFB1E29007CD2E7 /* GBensUITests.swift in Sources */ = {isa = PBXBuildFile; fileRef = 385811C31EFB1E29007CD2E7 /* GBensUITests.swift */; };
		385811D31EFB1E34007CD2E7 /* MapKit.framework in Frameworks */ = {isa = PBXBuildFile; fileRef = 385811D21EFB1E34007CD2E7 /* MapKit.framework */; };
		385811DD1EFB2009007CD2E7 /* DBCoreDataController.swift in Sources */ = {isa = PBXBuildFile; fileRef = 385811D51EFB2009007CD2E7 /* DBCoreDataController.swift */; };
		385811DE1EFB2009007CD2E7 /* InventarianteTableViewController.swift in Sources */ = {isa = PBXBuildFile; fileRef = 385811D61EFB2009007CD2E7 /* InventarianteTableViewController.swift */; };
		385811DF1EFB2009007CD2E7 /* InventarianteViewController.swift in Sources */ = {isa = PBXBuildFile; fileRef = 385811D71EFB2009007CD2E7 /* InventarianteViewController.swift */; };
		385811E01EFB2009007CD2E7 /* InventarioViewController.swift in Sources */ = {isa = PBXBuildFile; fileRef = 385811D81EFB2009007CD2E7 /* InventarioViewController.swift */; };
		385811E11EFB2009007CD2E7 /* ListaBensTableViewController.swift in Sources */ = {isa = PBXBuildFile; fileRef = 385811D91EFB2009007CD2E7 /* ListaBensTableViewController.swift */; };
		385811E21EFB2009007CD2E7 /* LoginViewController.swift in Sources */ = {isa = PBXBuildFile; fileRef = 385811DA1EFB2009007CD2E7 /* LoginViewController.swift */; };
		385811E31EFB2009007CD2E7 /* ScannerViewController.swift in Sources */ = {isa = PBXBuildFile; fileRef = 385811DB1EFB2009007CD2E7 /* ScannerViewController.swift */; };
		385811E41EFB2009007CD2E7 /* Utilitarios.swift in Sources */ = {isa = PBXBuildFile; fileRef = 385811DC1EFB2009007CD2E7 /* Utilitarios.swift */; };
		385811FA1EFB2028007CD2E7 /* AccountSwitcherTableViewCell.swift in Sources */ = {isa = PBXBuildFile; fileRef = 385811F71EFB2028007CD2E7 /* AccountSwitcherTableViewCell.swift */; };
		385811FB1EFB2028007CD2E7 /* bemTableViewCell.swift in Sources */ = {isa = PBXBuildFile; fileRef = 385811F81EFB2028007CD2E7 /* bemTableViewCell.swift */; };
		385811FC1EFB2028007CD2E7 /* InventariosTableViewCell.swift in Sources */ = {isa = PBXBuildFile; fileRef = 385811F91EFB2028007CD2E7 /* InventariosTableViewCell.swift */; };
		3858120A1EFB2167007CD2E7 /* LaunchScreen.storyboard in Resources */ = {isa = PBXBuildFile; fileRef = 385812061EFB2167007CD2E7 /* LaunchScreen.storyboard */; };
		3858120B1EFB2167007CD2E7 /* Main.storyboard in Resources */ = {isa = PBXBuildFile; fileRef = 385812081EFB2167007CD2E7 /* Main.storyboard */; };
		3858120D1EFB231E007CD2E7 /* GoogleService-Info.plist in Resources */ = {isa = PBXBuildFile; fileRef = 3858120C1EFB231E007CD2E7 /* GoogleService-Info.plist */; };
		3858120F1EFB3333007CD2E7 /* GBensAppDelegate.swift in Sources */ = {isa = PBXBuildFile; fileRef = 3858120E1EFB3333007CD2E7 /* GBensAppDelegate.swift */; };
		385812131EFE23A8007CD2E7 /* NSManagedObjectContext.swift in Sources */ = {isa = PBXBuildFile; fileRef = 385812121EFE23A8007CD2E7 /* NSManagedObjectContext.swift */; };
		385812161EFF1525007CD2E7 /* BensBackupFirebase.json in Resources */ = {isa = PBXBuildFile; fileRef = 385812151EFF1525007CD2E7 /* BensBackupFirebase.json */; };
		38A934FA1F29807700D97AC5 /* Localizacao+CoreDataClass.swift in Sources */ = {isa = PBXBuildFile; fileRef = 38A934F21F29807700D97AC5 /* Localizacao+CoreDataClass.swift */; };
		38A934FB1F29807700D97AC5 /* Localizacao+CoreDataProperties.swift in Sources */ = {isa = PBXBuildFile; fileRef = 38A934F31F29807700D97AC5 /* Localizacao+CoreDataProperties.swift */; };
		38A934FC1F29807700D97AC5 /* Usuario+CoreDataClass.swift in Sources */ = {isa = PBXBuildFile; fileRef = 38A934F41F29807700D97AC5 /* Usuario+CoreDataClass.swift */; };
		38A934FD1F29807700D97AC5 /* Usuario+CoreDataProperties.swift in Sources */ = {isa = PBXBuildFile; fileRef = 38A934F51F29807700D97AC5 /* Usuario+CoreDataProperties.swift */; };
		38A934FE1F29807700D97AC5 /* Dependencia+CoreDataClass.swift in Sources */ = {isa = PBXBuildFile; fileRef = 38A934F61F29807700D97AC5 /* Dependencia+CoreDataClass.swift */; };
		38A934FF1F29807700D97AC5 /* Dependencia+CoreDataProperties.swift in Sources */ = {isa = PBXBuildFile; fileRef = 38A934F71F29807700D97AC5 /* Dependencia+CoreDataProperties.swift */; };
		38A935001F29807700D97AC5 /* Bem+CoreDataClass.swift in Sources */ = {isa = PBXBuildFile; fileRef = 38A934F81F29807700D97AC5 /* Bem+CoreDataClass.swift */; };
		38A935011F29807700D97AC5 /* Bem+CoreDataProperties.swift in Sources */ = {isa = PBXBuildFile; fileRef = 38A934F91F29807700D97AC5 /* Bem+CoreDataProperties.swift */; };
		558828895514819D15297CB5 /* Pods_GBensTests.framework in Frameworks */ = {isa = PBXBuildFile; fileRef = CC9986B049C1AA5F674C7E48 /* Pods_GBensTests.framework */; };
		7B61D943946E2A360E625376 /* Pods_GBens.framework in Frameworks */ = {isa = PBXBuildFile; fileRef = 1C410767FBC664063653EB12 /* Pods_GBens.framework */; };
		9311601F093ABC5070B12FBD /* Pods_GBensUITests.framework in Frameworks */ = {isa = PBXBuildFile; fileRef = 9CCE50EC1E74BDA7DC4BFA2E /* Pods_GBensUITests.framework */; };
/* End PBXBuildFile section */

/* Begin PBXContainerItemProxy section */
		385811B51EFB1E29007CD2E7 /* PBXContainerItemProxy */ = {
			isa = PBXContainerItemProxy;
			containerPortal = 385811951EFB1E28007CD2E7 /* Project object */;
			proxyType = 1;
			remoteGlobalIDString = 3858119C1EFB1E28007CD2E7;
			remoteInfo = GBens;
		};
		385811C01EFB1E29007CD2E7 /* PBXContainerItemProxy */ = {
			isa = PBXContainerItemProxy;
			containerPortal = 385811951EFB1E28007CD2E7 /* Project object */;
			proxyType = 1;
			remoteGlobalIDString = 3858119C1EFB1E28007CD2E7;
			remoteInfo = GBens;
		};
/* End PBXContainerItemProxy section */

/* Begin PBXFileReference section */
		1C410767FBC664063653EB12 /* Pods_GBens.framework */ = {isa = PBXFileReference; explicitFileType = wrapper.framework; includeInIndex = 0; path = Pods_GBens.framework; sourceTree = BUILT_PRODUCTS_DIR; };
		1E17B11256C243BE856DD042 /* Pods-GBensUITests.release.xcconfig */ = {isa = PBXFileReference; includeInIndex = 1; lastKnownFileType = text.xcconfig; name = "Pods-GBensUITests.release.xcconfig"; path = "Pods/Target Support Files/Pods-GBensUITests/Pods-GBensUITests.release.xcconfig"; sourceTree = "<group>"; };
		24E55D41E66B026A008DC24C /* Pods-GBensTests.release.xcconfig */ = {isa = PBXFileReference; includeInIndex = 1; lastKnownFileType = text.xcconfig; name = "Pods-GBensTests.release.xcconfig"; path = "Pods/Target Support Files/Pods-GBensTests/Pods-GBensTests.release.xcconfig"; sourceTree = "<group>"; };
		3858119D1EFB1E28007CD2E7 /* GBens.app */ = {isa = PBXFileReference; explicitFileType = wrapper.application; includeInIndex = 0; path = GBens.app; sourceTree = BUILT_PRODUCTS_DIR; };
		385811A81EFB1E28007CD2E7 /* GBens.xcdatamodel */ = {isa = PBXFileReference; lastKnownFileType = wrapper.xcdatamodel; path = GBens.xcdatamodel; sourceTree = "<group>"; };
		385811AA1EFB1E28007CD2E7 /* Assets.xcassets */ = {isa = PBXFileReference; lastKnownFileType = folder.assetcatalog; path = Assets.xcassets; sourceTree = "<group>"; };
		385811AF1EFB1E28007CD2E7 /* Info.plist */ = {isa = PBXFileReference; lastKnownFileType = text.plist.xml; path = Info.plist; sourceTree = "<group>"; };
		385811B41EFB1E29007CD2E7 /* GBensTests.xctest */ = {isa = PBXFileReference; explicitFileType = wrapper.cfbundle; includeInIndex = 0; path = GBensTests.xctest; sourceTree = BUILT_PRODUCTS_DIR; };
		385811B81EFB1E29007CD2E7 /* GBensTests.swift */ = {isa = PBXFileReference; lastKnownFileType = sourcecode.swift; path = GBensTests.swift; sourceTree = "<group>"; };
		385811BA1EFB1E29007CD2E7 /* Info.plist */ = {isa = PBXFileReference; lastKnownFileType = text.plist.xml; path = Info.plist; sourceTree = "<group>"; };
		385811BF1EFB1E29007CD2E7 /* GBensUITests.xctest */ = {isa = PBXFileReference; explicitFileType = wrapper.cfbundle; includeInIndex = 0; path = GBensUITests.xctest; sourceTree = BUILT_PRODUCTS_DIR; };
		385811C31EFB1E29007CD2E7 /* GBensUITests.swift */ = {isa = PBXFileReference; lastKnownFileType = sourcecode.swift; path = GBensUITests.swift; sourceTree = "<group>"; };
		385811C51EFB1E29007CD2E7 /* Info.plist */ = {isa = PBXFileReference; lastKnownFileType = text.plist.xml; path = Info.plist; sourceTree = "<group>"; };
		385811D21EFB1E34007CD2E7 /* MapKit.framework */ = {isa = PBXFileReference; lastKnownFileType = wrapper.framework; name = MapKit.framework; path = System/Library/Frameworks/MapKit.framework; sourceTree = SDKROOT; };
		385811D51EFB2009007CD2E7 /* DBCoreDataController.swift */ = {isa = PBXFileReference; fileEncoding = 4; lastKnownFileType = sourcecode.swift; path = DBCoreDataController.swift; sourceTree = "<group>"; };
		385811D61EFB2009007CD2E7 /* InventarianteTableViewController.swift */ = {isa = PBXFileReference; fileEncoding = 4; lastKnownFileType = sourcecode.swift; path = InventarianteTableViewController.swift; sourceTree = "<group>"; };
		385811D71EFB2009007CD2E7 /* InventarianteViewController.swift */ = {isa = PBXFileReference; fileEncoding = 4; lastKnownFileType = sourcecode.swift; path = InventarianteViewController.swift; sourceTree = "<group>"; };
		385811D81EFB2009007CD2E7 /* InventarioViewController.swift */ = {isa = PBXFileReference; fileEncoding = 4; lastKnownFileType = sourcecode.swift; path = InventarioViewController.swift; sourceTree = "<group>"; };
		385811D91EFB2009007CD2E7 /* ListaBensTableViewController.swift */ = {isa = PBXFileReference; fileEncoding = 4; lastKnownFileType = sourcecode.swift; path = ListaBensTableViewController.swift; sourceTree = "<group>"; };
		385811DA1EFB2009007CD2E7 /* LoginViewController.swift */ = {isa = PBXFileReference; fileEncoding = 4; lastKnownFileType = sourcecode.swift; path = LoginViewController.swift; sourceTree = "<group>"; };
		385811DB1EFB2009007CD2E7 /* ScannerViewController.swift */ = {isa = PBXFileReference; fileEncoding = 4; lastKnownFileType = sourcecode.swift; path = ScannerViewController.swift; sourceTree = "<group>"; };
		385811DC1EFB2009007CD2E7 /* Utilitarios.swift */ = {isa = PBXFileReference; fileEncoding = 4; lastKnownFileType = sourcecode.swift; path = Utilitarios.swift; sourceTree = "<group>"; };
		385811F71EFB2028007CD2E7 /* AccountSwitcherTableViewCell.swift */ = {isa = PBXFileReference; fileEncoding = 4; lastKnownFileType = sourcecode.swift; path = AccountSwitcherTableViewCell.swift; sourceTree = "<group>"; };
		385811F81EFB2028007CD2E7 /* bemTableViewCell.swift */ = {isa = PBXFileReference; fileEncoding = 4; lastKnownFileType = sourcecode.swift; path = bemTableViewCell.swift; sourceTree = "<group>"; };
		385811F91EFB2028007CD2E7 /* InventariosTableViewCell.swift */ = {isa = PBXFileReference; fileEncoding = 4; lastKnownFileType = sourcecode.swift; path = InventariosTableViewCell.swift; sourceTree = "<group>"; };
		385812071EFB2167007CD2E7 /* Base */ = {isa = PBXFileReference; lastKnownFileType = file.storyboard; name = Base; path = LaunchScreen.storyboard; sourceTree = "<group>"; };
		385812091EFB2167007CD2E7 /* Base */ = {isa = PBXFileReference; lastKnownFileType = file.storyboard; name = Base; path = Main.storyboard; sourceTree = "<group>"; };
		3858120C1EFB231E007CD2E7 /* GoogleService-Info.plist */ = {isa = PBXFileReference; fileEncoding = 4; lastKnownFileType = text.plist.xml; path = "GoogleService-Info.plist"; sourceTree = "<group>"; };
		3858120E1EFB3333007CD2E7 /* GBensAppDelegate.swift */ = {isa = PBXFileReference; fileEncoding = 4; lastKnownFileType = sourcecode.swift; path = GBensAppDelegate.swift; sourceTree = "<group>"; };
		385812121EFE23A8007CD2E7 /* NSManagedObjectContext.swift */ = {isa = PBXFileReference; fileEncoding = 4; lastKnownFileType = sourcecode.swift; name = NSManagedObjectContext.swift; path = Extensions/NSManagedObjectContext.swift; sourceTree = "<group>"; };
		385812151EFF1525007CD2E7 /* BensBackupFirebase.json */ = {isa = PBXFileReference; fileEncoding = 4; lastKnownFileType = text.json; path = BensBackupFirebase.json; sourceTree = "<group>"; };
		38A934F21F29807700D97AC5 /* Localizacao+CoreDataClass.swift */ = {isa = PBXFileReference; fileEncoding = 4; lastKnownFileType = sourcecode.swift; path = "Localizacao+CoreDataClass.swift"; sourceTree = "<group>"; };
		38A934F31F29807700D97AC5 /* Localizacao+CoreDataProperties.swift */ = {isa = PBXFileReference; fileEncoding = 4; lastKnownFileType = sourcecode.swift; path = "Localizacao+CoreDataProperties.swift"; sourceTree = "<group>"; };
		38A934F41F29807700D97AC5 /* Usuario+CoreDataClass.swift */ = {isa = PBXFileReference; fileEncoding = 4; lastKnownFileType = sourcecode.swift; path = "Usuario+CoreDataClass.swift"; sourceTree = "<group>"; };
		38A934F51F29807700D97AC5 /* Usuario+CoreDataProperties.swift */ = {isa = PBXFileReference; fileEncoding = 4; lastKnownFileType = sourcecode.swift; path = "Usuario+CoreDataProperties.swift"; sourceTree = "<group>"; };
		38A934F61F29807700D97AC5 /* Dependencia+CoreDataClass.swift */ = {isa = PBXFileReference; fileEncoding = 4; lastKnownFileType = sourcecode.swift; path = "Dependencia+CoreDataClass.swift"; sourceTree = "<group>"; };
		38A934F71F29807700D97AC5 /* Dependencia+CoreDataProperties.swift */ = {isa = PBXFileReference; fileEncoding = 4; lastKnownFileType = sourcecode.swift; path = "Dependencia+CoreDataProperties.swift"; sourceTree = "<group>"; };
		38A934F81F29807700D97AC5 /* Bem+CoreDataClass.swift */ = {isa = PBXFileReference; fileEncoding = 4; lastKnownFileType = sourcecode.swift; path = "Bem+CoreDataClass.swift"; sourceTree = "<group>"; };
		38A934F91F29807700D97AC5 /* Bem+CoreDataProperties.swift */ = {isa = PBXFileReference; fileEncoding = 4; lastKnownFileType = sourcecode.swift; path = "Bem+CoreDataProperties.swift"; sourceTree = "<group>"; };
		62CA19B6A16D895CC168DFBE /* Pods-GBensTests.debug.xcconfig */ = {isa = PBXFileReference; includeInIndex = 1; lastKnownFileType = text.xcconfig; name = "Pods-GBensTests.debug.xcconfig"; path = "Pods/Target Support Files/Pods-GBensTests/Pods-GBensTests.debug.xcconfig"; sourceTree = "<group>"; };
		6555B0E15F319450DBBAC5DC /* Pods-GBensUITests.debug.xcconfig */ = {isa = PBXFileReference; includeInIndex = 1; lastKnownFileType = text.xcconfig; name = "Pods-GBensUITests.debug.xcconfig"; path = "Pods/Target Support Files/Pods-GBensUITests/Pods-GBensUITests.debug.xcconfig"; sourceTree = "<group>"; };
		9CCE50EC1E74BDA7DC4BFA2E /* Pods_GBensUITests.framework */ = {isa = PBXFileReference; explicitFileType = wrapper.framework; includeInIndex = 0; path = Pods_GBensUITests.framework; sourceTree = BUILT_PRODUCTS_DIR; };
		C21477F20CDA423BBB7995D0 /* Pods-GBens.debug.xcconfig */ = {isa = PBXFileReference; includeInIndex = 1; lastKnownFileType = text.xcconfig; name = "Pods-GBens.debug.xcconfig"; path = "Pods/Target Support Files/Pods-GBens/Pods-GBens.debug.xcconfig"; sourceTree = "<group>"; };
		CC9986B049C1AA5F674C7E48 /* Pods_GBensTests.framework */ = {isa = PBXFileReference; explicitFileType = wrapper.framework; includeInIndex = 0; path = Pods_GBensTests.framework; sourceTree = BUILT_PRODUCTS_DIR; };
		DF22C904961717983B8C1C46 /* Pods-GBens.release.xcconfig */ = {isa = PBXFileReference; includeInIndex = 1; lastKnownFileType = text.xcconfig; name = "Pods-GBens.release.xcconfig"; path = "Pods/Target Support Files/Pods-GBens/Pods-GBens.release.xcconfig"; sourceTree = "<group>"; };
/* End PBXFileReference section */

/* Begin PBXFrameworksBuildPhase section */
		3858119A1EFB1E28007CD2E7 /* Frameworks */ = {
			isa = PBXFrameworksBuildPhase;
			buildActionMask = 2147483647;
			files = (
				385811D31EFB1E34007CD2E7 /* MapKit.framework in Frameworks */,
				7B61D943946E2A360E625376 /* Pods_GBens.framework in Frameworks */,
			);
			runOnlyForDeploymentPostprocessing = 0;
		};
		385811B11EFB1E29007CD2E7 /* Frameworks */ = {
			isa = PBXFrameworksBuildPhase;
			buildActionMask = 2147483647;
			files = (
				558828895514819D15297CB5 /* Pods_GBensTests.framework in Frameworks */,
			);
			runOnlyForDeploymentPostprocessing = 0;
		};
		385811BC1EFB1E29007CD2E7 /* Frameworks */ = {
			isa = PBXFrameworksBuildPhase;
			buildActionMask = 2147483647;
			files = (
				9311601F093ABC5070B12FBD /* Pods_GBensUITests.framework in Frameworks */,
			);
			runOnlyForDeploymentPostprocessing = 0;
		};
/* End PBXFrameworksBuildPhase section */

/* Begin PBXGroup section */
		385811941EFB1E28007CD2E7 = {
			isa = PBXGroup;
			children = (
				3858119F1EFB1E28007CD2E7 /* GBens */,
				385811B71EFB1E29007CD2E7 /* GBensTests */,
				385811C21EFB1E29007CD2E7 /* GBensUITests */,
				3858119E1EFB1E28007CD2E7 /* Products */,
				385811D11EFB1E34007CD2E7 /* Frameworks */,
				3B49C39471144B10159FE9CA /* Pods */,
			);
			sourceTree = "<group>";
		};
		3858119E1EFB1E28007CD2E7 /* Products */ = {
			isa = PBXGroup;
			children = (
				3858119D1EFB1E28007CD2E7 /* GBens.app */,
				385811B41EFB1E29007CD2E7 /* GBensTests.xctest */,
				385811BF1EFB1E29007CD2E7 /* GBensUITests.xctest */,
			);
			name = Products;
			sourceTree = "<group>";
		};
		3858119F1EFB1E28007CD2E7 /* GBens */ = {
			isa = PBXGroup;
			children = (
				385812141EFF14D0007CD2E7 /* DatabaseBackup */,
				385812111EFE236E007CD2E7 /* Extensions */,
				385812101EFE0543007CD2E7 /* Assets */,
				385811F61EFB2028007CD2E7 /* TableCells */,
				385811E51EFB201A007CD2E7 /* Models */,
				385811D41EFB2009007CD2E7 /* Controlers */,
				3858120E1EFB3333007CD2E7 /* GBensAppDelegate.swift */,
				385811AF1EFB1E28007CD2E7 /* Info.plist */,
				3858120C1EFB231E007CD2E7 /* GoogleService-Info.plist */,
				385811A71EFB1E28007CD2E7 /* GBens.xcdatamodeld */,
				385812061EFB2167007CD2E7 /* LaunchScreen.storyboard */,
				385812081EFB2167007CD2E7 /* Main.storyboard */,
			);
			path = GBens;
			sourceTree = "<group>";
		};
		385811B71EFB1E29007CD2E7 /* GBensTests */ = {
			isa = PBXGroup;
			children = (
				385811B81EFB1E29007CD2E7 /* GBensTests.swift */,
				385811BA1EFB1E29007CD2E7 /* Info.plist */,
			);
			path = GBensTests;
			sourceTree = "<group>";
		};
		385811C21EFB1E29007CD2E7 /* GBensUITests */ = {
			isa = PBXGroup;
			children = (
				385811C31EFB1E29007CD2E7 /* GBensUITests.swift */,
				385811C51EFB1E29007CD2E7 /* Info.plist */,
			);
			path = GBensUITests;
			sourceTree = "<group>";
		};
		385811D11EFB1E34007CD2E7 /* Frameworks */ = {
			isa = PBXGroup;
			children = (
				385811D21EFB1E34007CD2E7 /* MapKit.framework */,
				1C410767FBC664063653EB12 /* Pods_GBens.framework */,
				CC9986B049C1AA5F674C7E48 /* Pods_GBensTests.framework */,
				9CCE50EC1E74BDA7DC4BFA2E /* Pods_GBensUITests.framework */,
			);
			name = Frameworks;
			sourceTree = "<group>";
		};
		385811D41EFB2009007CD2E7 /* Controlers */ = {
			isa = PBXGroup;
			children = (
				385811D51EFB2009007CD2E7 /* DBCoreDataController.swift */,
				385811D61EFB2009007CD2E7 /* InventarianteTableViewController.swift */,
				385811D71EFB2009007CD2E7 /* InventarianteViewController.swift */,
				385811D81EFB2009007CD2E7 /* InventarioViewController.swift */,
				385811D91EFB2009007CD2E7 /* ListaBensTableViewController.swift */,
				385811DA1EFB2009007CD2E7 /* LoginViewController.swift */,
				385811DB1EFB2009007CD2E7 /* ScannerViewController.swift */,
				385811DC1EFB2009007CD2E7 /* Utilitarios.swift */,
			);
			path = Controlers;
			sourceTree = "<group>";
		};
		385811E51EFB201A007CD2E7 /* Models */ = {
			isa = PBXGroup;
			children = (
				38A934F21F29807700D97AC5 /* Localizacao+CoreDataClass.swift */,
				38A934F31F29807700D97AC5 /* Localizacao+CoreDataProperties.swift */,
				38A934F41F29807700D97AC5 /* Usuario+CoreDataClass.swift */,
				38A934F51F29807700D97AC5 /* Usuario+CoreDataProperties.swift */,
				38A934F61F29807700D97AC5 /* Dependencia+CoreDataClass.swift */,
				38A934F71F29807700D97AC5 /* Dependencia+CoreDataProperties.swift */,
				38A934F81F29807700D97AC5 /* Bem+CoreDataClass.swift */,
				38A934F91F29807700D97AC5 /* Bem+CoreDataProperties.swift */,
			);
			path = Models;
			sourceTree = "<group>";
		};
		385811F61EFB2028007CD2E7 /* TableCells */ = {
			isa = PBXGroup;
			children = (
				385811F71EFB2028007CD2E7 /* AccountSwitcherTableViewCell.swift */,
				385811F81EFB2028007CD2E7 /* bemTableViewCell.swift */,
				385811F91EFB2028007CD2E7 /* InventariosTableViewCell.swift */,
			);
			path = TableCells;
			sourceTree = "<group>";
		};
		385812101EFE0543007CD2E7 /* Assets */ = {
			isa = PBXGroup;
			children = (
				385811AA1EFB1E28007CD2E7 /* Assets.xcassets */,
			);
			name = Assets;
			sourceTree = "<group>";
		};
		385812111EFE236E007CD2E7 /* Extensions */ = {
			isa = PBXGroup;
			children = (
				385812121EFE23A8007CD2E7 /* NSManagedObjectContext.swift */,
			);
			name = Extensions;
			sourceTree = "<group>";
		};
		385812141EFF14D0007CD2E7 /* DatabaseBackup */ = {
			isa = PBXGroup;
			children = (
				385812151EFF1525007CD2E7 /* BensBackupFirebase.json */,
			);
			name = DatabaseBackup;
			sourceTree = "<group>";
		};
		3B49C39471144B10159FE9CA /* Pods */ = {
			isa = PBXGroup;
			children = (
				C21477F20CDA423BBB7995D0 /* Pods-GBens.debug.xcconfig */,
				DF22C904961717983B8C1C46 /* Pods-GBens.release.xcconfig */,
				62CA19B6A16D895CC168DFBE /* Pods-GBensTests.debug.xcconfig */,
				24E55D41E66B026A008DC24C /* Pods-GBensTests.release.xcconfig */,
				6555B0E15F319450DBBAC5DC /* Pods-GBensUITests.debug.xcconfig */,
				1E17B11256C243BE856DD042 /* Pods-GBensUITests.release.xcconfig */,
			);
			name = Pods;
			sourceTree = "<group>";
		};
/* End PBXGroup section */

/* Begin PBXNativeTarget section */
		3858119C1EFB1E28007CD2E7 /* GBens */ = {
			isa = PBXNativeTarget;
			buildConfigurationList = 385811C81EFB1E29007CD2E7 /* Build configuration list for PBXNativeTarget "GBens" */;
			buildPhases = (
				DB5878B27FBD5123D68160DE /* [CP] Check Pods Manifest.lock */,
				385811991EFB1E28007CD2E7 /* Sources */,
				3858119A1EFB1E28007CD2E7 /* Frameworks */,
				3858119B1EFB1E28007CD2E7 /* Resources */,
				741132F4C6A7F08C2CE8FCB0 /* [CP] Embed Pods Frameworks */,
				6A06EC96018E46583CD502B5 /* [CP] Copy Pods Resources */,
			);
			buildRules = (
			);
			dependencies = (
			);
			name = GBens;
			productName = GBens;
			productReference = 3858119D1EFB1E28007CD2E7 /* GBens.app */;
			productType = "com.apple.product-type.application";
		};
		385811B31EFB1E29007CD2E7 /* GBensTests */ = {
			isa = PBXNativeTarget;
			buildConfigurationList = 385811CB1EFB1E29007CD2E7 /* Build configuration list for PBXNativeTarget "GBensTests" */;
			buildPhases = (
				D4F7A0F0A3C77AC5059AA850 /* [CP] Check Pods Manifest.lock */,
				385811B01EFB1E29007CD2E7 /* Sources */,
				385811B11EFB1E29007CD2E7 /* Frameworks */,
				385811B21EFB1E29007CD2E7 /* Resources */,
				8138FC160ED266E0A7A8B6DB /* [CP] Embed Pods Frameworks */,
				9D575C15D7CD05D6051ED9E1 /* [CP] Copy Pods Resources */,
			);
			buildRules = (
			);
			dependencies = (
				385811B61EFB1E29007CD2E7 /* PBXTargetDependency */,
			);
			name = GBensTests;
			productName = GBensTests;
			productReference = 385811B41EFB1E29007CD2E7 /* GBensTests.xctest */;
			productType = "com.apple.product-type.bundle.unit-test";
		};
		385811BE1EFB1E29007CD2E7 /* GBensUITests */ = {
			isa = PBXNativeTarget;
			buildConfigurationList = 385811CE1EFB1E29007CD2E7 /* Build configuration list for PBXNativeTarget "GBensUITests" */;
			buildPhases = (
				E0BA9B1D8930C267A7877528 /* [CP] Check Pods Manifest.lock */,
				385811BB1EFB1E29007CD2E7 /* Sources */,
				385811BC1EFB1E29007CD2E7 /* Frameworks */,
				385811BD1EFB1E29007CD2E7 /* Resources */,
				E0AFD1B301411E12EC3379F9 /* [CP] Embed Pods Frameworks */,
				F5679822827EDBA416E2FE00 /* [CP] Copy Pods Resources */,
			);
			buildRules = (
			);
			dependencies = (
				385811C11EFB1E29007CD2E7 /* PBXTargetDependency */,
			);
			name = GBensUITests;
			productName = GBensUITests;
			productReference = 385811BF1EFB1E29007CD2E7 /* GBensUITests.xctest */;
			productType = "com.apple.product-type.bundle.ui-testing";
		};
/* End PBXNativeTarget section */

/* Begin PBXProject section */
		385811951EFB1E28007CD2E7 /* Project object */ = {
			isa = PBXProject;
			attributes = {
				LastSwiftUpdateCheck = 0830;
				LastUpgradeCheck = 0830;
				ORGANIZATIONNAME = "Alexandre de Sousa Albuquerque";
				TargetAttributes = {
					3858119C1EFB1E28007CD2E7 = {
						CreatedOnToolsVersion = 8.3.3;
						ProvisioningStyle = Automatic;
						SystemCapabilities = {
							com.apple.Maps.iOS = {
								enabled = 1;
							};
						};
					};
					385811B31EFB1E29007CD2E7 = {
						CreatedOnToolsVersion = 8.3.3;
						ProvisioningStyle = Automatic;
						TestTargetID = 3858119C1EFB1E28007CD2E7;
					};
					385811BE1EFB1E29007CD2E7 = {
						CreatedOnToolsVersion = 8.3.3;
						ProvisioningStyle = Automatic;
						TestTargetID = 3858119C1EFB1E28007CD2E7;
					};
				};
			};
			buildConfigurationList = 385811981EFB1E28007CD2E7 /* Build configuration list for PBXProject "GBens" */;
			compatibilityVersion = "Xcode 3.2";
			developmentRegion = English;
			hasScannedForEncodings = 0;
			knownRegions = (
				en,
				Base,
			);
			mainGroup = 385811941EFB1E28007CD2E7;
			productRefGroup = 3858119E1EFB1E28007CD2E7 /* Products */;
			projectDirPath = "";
			projectRoot = "";
			targets = (
				3858119C1EFB1E28007CD2E7 /* GBens */,
				385811B31EFB1E29007CD2E7 /* GBensTests */,
				385811BE1EFB1E29007CD2E7 /* GBensUITests */,
			);
		};
/* End PBXProject section */

/* Begin PBXResourcesBuildPhase section */
		3858119B1EFB1E28007CD2E7 /* Resources */ = {
			isa = PBXResourcesBuildPhase;
			buildActionMask = 2147483647;
			files = (
				3858120B1EFB2167007CD2E7 /* Main.storyboard in Resources */,
				3858120D1EFB231E007CD2E7 /* GoogleService-Info.plist in Resources */,
				385811AB1EFB1E28007CD2E7 /* Assets.xcassets in Resources */,
				385812161EFF1525007CD2E7 /* BensBackupFirebase.json in Resources */,
				3858120A1EFB2167007CD2E7 /* LaunchScreen.storyboard in Resources */,
			);
			runOnlyForDeploymentPostprocessing = 0;
		};
		385811B21EFB1E29007CD2E7 /* Resources */ = {
			isa = PBXResourcesBuildPhase;
			buildActionMask = 2147483647;
			files = (
			);
			runOnlyForDeploymentPostprocessing = 0;
		};
		385811BD1EFB1E29007CD2E7 /* Resources */ = {
			isa = PBXResourcesBuildPhase;
			buildActionMask = 2147483647;
			files = (
			);
			runOnlyForDeploymentPostprocessing = 0;
		};
/* End PBXResourcesBuildPhase section */

/* Begin PBXShellScriptBuildPhase section */
		6A06EC96018E46583CD502B5 /* [CP] Copy Pods Resources */ = {
			isa = PBXShellScriptBuildPhase;
			buildActionMask = 2147483647;
			files = (
			);
			inputPaths = (
			);
			name = "[CP] Copy Pods Resources";
			outputPaths = (
			);
			runOnlyForDeploymentPostprocessing = 0;
			shellPath = /bin/sh;
			shellScript = "\"${SRCROOT}/Pods/Target Support Files/Pods-GBens/Pods-GBens-resources.sh\"\n";
			showEnvVarsInLog = 0;
		};
		741132F4C6A7F08C2CE8FCB0 /* [CP] Embed Pods Frameworks */ = {
			isa = PBXShellScriptBuildPhase;
			buildActionMask = 2147483647;
			files = (
			);
			inputPaths = (
			);
			name = "[CP] Embed Pods Frameworks";
			outputPaths = (
			);
			runOnlyForDeploymentPostprocessing = 0;
			shellPath = /bin/sh;
			shellScript = "\"${SRCROOT}/Pods/Target Support Files/Pods-GBens/Pods-GBens-frameworks.sh\"\n";
			showEnvVarsInLog = 0;
		};
		8138FC160ED266E0A7A8B6DB /* [CP] Embed Pods Frameworks */ = {
			isa = PBXShellScriptBuildPhase;
			buildActionMask = 2147483647;
			files = (
			);
			inputPaths = (
			);
			name = "[CP] Embed Pods Frameworks";
			outputPaths = (
			);
			runOnlyForDeploymentPostprocessing = 0;
			shellPath = /bin/sh;
			shellScript = "\"${SRCROOT}/Pods/Target Support Files/Pods-GBensTests/Pods-GBensTests-frameworks.sh\"\n";
			showEnvVarsInLog = 0;
		};
		9D575C15D7CD05D6051ED9E1 /* [CP] Copy Pods Resources */ = {
			isa = PBXShellScriptBuildPhase;
			buildActionMask = 2147483647;
			files = (
			);
			inputPaths = (
			);
			name = "[CP] Copy Pods Resources";
			outputPaths = (
			);
			runOnlyForDeploymentPostprocessing = 0;
			shellPath = /bin/sh;
			shellScript = "\"${SRCROOT}/Pods/Target Support Files/Pods-GBensTests/Pods-GBensTests-resources.sh\"\n";
			showEnvVarsInLog = 0;
		};
		D4F7A0F0A3C77AC5059AA850 /* [CP] Check Pods Manifest.lock */ = {
			isa = PBXShellScriptBuildPhase;
			buildActionMask = 2147483647;
			files = (
			);
			inputPaths = (
			);
			name = "[CP] Check Pods Manifest.lock";
			outputPaths = (
			);
			runOnlyForDeploymentPostprocessing = 0;
			shellPath = /bin/sh;
			shellScript = "diff \"${PODS_PODFILE_DIR_PATH}/Podfile.lock\" \"${PODS_ROOT}/Manifest.lock\" > /dev/null\nif [ $? != 0 ] ; then\n    # print error to STDERR\n    echo \"error: The sandbox is not in sync with the Podfile.lock. Run 'pod install' or update your CocoaPods installation.\" >&2\n    exit 1\nfi\n";
			showEnvVarsInLog = 0;
		};
		DB5878B27FBD5123D68160DE /* [CP] Check Pods Manifest.lock */ = {
			isa = PBXShellScriptBuildPhase;
			buildActionMask = 2147483647;
			files = (
			);
			inputPaths = (
			);
			name = "[CP] Check Pods Manifest.lock";
			outputPaths = (
			);
			runOnlyForDeploymentPostprocessing = 0;
			shellPath = /bin/sh;
			shellScript = "diff \"${PODS_PODFILE_DIR_PATH}/Podfile.lock\" \"${PODS_ROOT}/Manifest.lock\" > /dev/null\nif [ $? != 0 ] ; then\n    # print error to STDERR\n    echo \"error: The sandbox is not in sync with the Podfile.lock. Run 'pod install' or update your CocoaPods installation.\" >&2\n    exit 1\nfi\n";
			showEnvVarsInLog = 0;
		};
		E0AFD1B301411E12EC3379F9 /* [CP] Embed Pods Frameworks */ = {
			isa = PBXShellScriptBuildPhase;
			buildActionMask = 2147483647;
			files = (
			);
			inputPaths = (
			);
			name = "[CP] Embed Pods Frameworks";
			outputPaths = (
			);
			runOnlyForDeploymentPostprocessing = 0;
			shellPath = /bin/sh;
			shellScript = "\"${SRCROOT}/Pods/Target Support Files/Pods-GBensUITests/Pods-GBensUITests-frameworks.sh\"\n";
			showEnvVarsInLog = 0;
		};
		E0BA9B1D8930C267A7877528 /* [CP] Check Pods Manifest.lock */ = {
			isa = PBXShellScriptBuildPhase;
			buildActionMask = 2147483647;
			files = (
			);
			inputPaths = (
			);
			name = "[CP] Check Pods Manifest.lock";
			outputPaths = (
			);
			runOnlyForDeploymentPostprocessing = 0;
			shellPath = /bin/sh;
			shellScript = "diff \"${PODS_PODFILE_DIR_PATH}/Podfile.lock\" \"${PODS_ROOT}/Manifest.lock\" > /dev/null\nif [ $? != 0 ] ; then\n    # print error to STDERR\n    echo \"error: The sandbox is not in sync with the Podfile.lock. Run 'pod install' or update your CocoaPods installation.\" >&2\n    exit 1\nfi\n";
			showEnvVarsInLog = 0;
		};
		F5679822827EDBA416E2FE00 /* [CP] Copy Pods Resources */ = {
			isa = PBXShellScriptBuildPhase;
			buildActionMask = 2147483647;
			files = (
			);
			inputPaths = (
			);
			name = "[CP] Copy Pods Resources";
			outputPaths = (
			);
			runOnlyForDeploymentPostprocessing = 0;
			shellPath = /bin/sh;
			shellScript = "\"${SRCROOT}/Pods/Target Support Files/Pods-GBensUITests/Pods-GBensUITests-resources.sh\"\n";
			showEnvVarsInLog = 0;
		};
/* End PBXShellScriptBuildPhase section */

/* Begin PBXSourcesBuildPhase section */
		385811991EFB1E28007CD2E7 /* Sources */ = {
			isa = PBXSourcesBuildPhase;
			buildActionMask = 2147483647;
			files = (
				385812131EFE23A8007CD2E7 /* NSManagedObjectContext.swift in Sources */,
				385811E21EFB2009007CD2E7 /* LoginViewController.swift in Sources */,
				385811FB1EFB2028007CD2E7 /* bemTableViewCell.swift in Sources */,
				385811E01EFB2009007CD2E7 /* InventarioViewController.swift in Sources */,
				385811E31EFB2009007CD2E7 /* ScannerViewController.swift in Sources */,
				385811E41EFB2009007CD2E7 /* Utilitarios.swift in Sources */,
				38A934FA1F29807700D97AC5 /* Localizacao+CoreDataClass.swift in Sources */,
				385811DF1EFB2009007CD2E7 /* InventarianteViewController.swift in Sources */,
				38A934FD1F29807700D97AC5 /* Usuario+CoreDataProperties.swift in Sources */,
				385811A91EFB1E28007CD2E7 /* GBens.xcdatamodeld in Sources */,
				3858120F1EFB3333007CD2E7 /* GBensAppDelegate.swift in Sources */,
				38A935001F29807700D97AC5 /* Bem+CoreDataClass.swift in Sources */,
				385811FA1EFB2028007CD2E7 /* AccountSwitcherTableViewCell.swift in Sources */,
				38A934FE1F29807700D97AC5 /* Dependencia+CoreDataClass.swift in Sources */,
				385811FC1EFB2028007CD2E7 /* InventariosTableViewCell.swift in Sources */,
				38A934FF1F29807700D97AC5 /* Dependencia+CoreDataProperties.swift in Sources */,
				38A934FB1F29807700D97AC5 /* Localizacao+CoreDataProperties.swift in Sources */,
				385811DD1EFB2009007CD2E7 /* DBCoreDataController.swift in Sources */,
				38A935011F29807700D97AC5 /* Bem+CoreDataProperties.swift in Sources */,
				385811E11EFB2009007CD2E7 /* ListaBensTableViewController.swift in Sources */,
				38A934FC1F29807700D97AC5 /* Usuario+CoreDataClass.swift in Sources */,
				385811DE1EFB2009007CD2E7 /* InventarianteTableViewController.swift in Sources */,
			);
			runOnlyForDeploymentPostprocessing = 0;
		};
		385811B01EFB1E29007CD2E7 /* Sources */ = {
			isa = PBXSourcesBuildPhase;
			buildActionMask = 2147483647;
			files = (
				385811B91EFB1E29007CD2E7 /* GBensTests.swift in Sources */,
			);
			runOnlyForDeploymentPostprocessing = 0;
		};
		385811BB1EFB1E29007CD2E7 /* Sources */ = {
			isa = PBXSourcesBuildPhase;
			buildActionMask = 2147483647;
			files = (
				385811C41EFB1E29007CD2E7 /* GBensUITests.swift in Sources */,
			);
			runOnlyForDeploymentPostprocessing = 0;
		};
/* End PBXSourcesBuildPhase section */

/* Begin PBXTargetDependency section */
		385811B61EFB1E29007CD2E7 /* PBXTargetDependency */ = {
			isa = PBXTargetDependency;
			target = 3858119C1EFB1E28007CD2E7 /* GBens */;
			targetProxy = 385811B51EFB1E29007CD2E7 /* PBXContainerItemProxy */;
		};
		385811C11EFB1E29007CD2E7 /* PBXTargetDependency */ = {
			isa = PBXTargetDependency;
			target = 3858119C1EFB1E28007CD2E7 /* GBens */;
			targetProxy = 385811C01EFB1E29007CD2E7 /* PBXContainerItemProxy */;
		};
/* End PBXTargetDependency section */

/* Begin PBXVariantGroup section */
		385812061EFB2167007CD2E7 /* LaunchScreen.storyboard */ = {
			isa = PBXVariantGroup;
			children = (
				385812071EFB2167007CD2E7 /* Base */,
			);
			name = LaunchScreen.storyboard;
			path = Base.lproj;
			sourceTree = "<group>";
		};
		385812081EFB2167007CD2E7 /* Main.storyboard */ = {
			isa = PBXVariantGroup;
			children = (
				385812091EFB2167007CD2E7 /* Base */,
			);
			name = Main.storyboard;
			path = Base.lproj;
			sourceTree = "<group>";
		};
/* End PBXVariantGroup section */

/* Begin XCBuildConfiguration section */
		385811C61EFB1E29007CD2E7 /* Debug */ = {
			isa = XCBuildConfiguration;
			buildSettings = {
				ALWAYS_SEARCH_USER_PATHS = NO;
				CLANG_ANALYZER_NONNULL = YES;
				CLANG_ANALYZER_NUMBER_OBJECT_CONVERSION = YES_AGGRESSIVE;
				CLANG_CXX_LANGUAGE_STANDARD = "gnu++0x";
				CLANG_CXX_LIBRARY = "libc++";
				CLANG_ENABLE_MODULES = YES;
				CLANG_ENABLE_OBJC_ARC = YES;
				CLANG_WARN_BOOL_CONVERSION = YES;
				CLANG_WARN_CONSTANT_CONVERSION = YES;
				CLANG_WARN_DIRECT_OBJC_ISA_USAGE = YES_ERROR;
				CLANG_WARN_DOCUMENTATION_COMMENTS = YES;
				CLANG_WARN_EMPTY_BODY = YES;
				CLANG_WARN_ENUM_CONVERSION = YES;
				CLANG_WARN_INFINITE_RECURSION = YES;
				CLANG_WARN_INT_CONVERSION = YES;
				CLANG_WARN_OBJC_ROOT_CLASS = YES_ERROR;
				CLANG_WARN_SUSPICIOUS_MOVE = YES;
				CLANG_WARN_UNREACHABLE_CODE = YES;
				CLANG_WARN__DUPLICATE_METHOD_MATCH = YES;
				"CODE_SIGN_IDENTITY[sdk=iphoneos*]" = "iPhone Developer";
				COPY_PHASE_STRIP = NO;
				DEBUG_INFORMATION_FORMAT = dwarf;
				ENABLE_STRICT_OBJC_MSGSEND = YES;
				ENABLE_TESTABILITY = YES;
				GCC_C_LANGUAGE_STANDARD = gnu99;
				GCC_DYNAMIC_NO_PIC = NO;
				GCC_NO_COMMON_BLOCKS = YES;
				GCC_OPTIMIZATION_LEVEL = 0;
				GCC_PREPROCESSOR_DEFINITIONS = (
					"DEBUG=1",
					"$(inherited)",
				);
				GCC_WARN_64_TO_32_BIT_CONVERSION = YES;
				GCC_WARN_ABOUT_RETURN_TYPE = YES_ERROR;
				GCC_WARN_UNDECLARED_SELECTOR = YES;
				GCC_WARN_UNINITIALIZED_AUTOS = YES_AGGRESSIVE;
				GCC_WARN_UNUSED_FUNCTION = YES;
				GCC_WARN_UNUSED_VARIABLE = YES;
				IPHONEOS_DEPLOYMENT_TARGET = 10.3;
				MTL_ENABLE_DEBUG_INFO = YES;
				ONLY_ACTIVE_ARCH = YES;
				SDKROOT = iphoneos;
				SWIFT_ACTIVE_COMPILATION_CONDITIONS = DEBUG;
				SWIFT_OPTIMIZATION_LEVEL = "-Onone";
				TARGETED_DEVICE_FAMILY = "1,2";
			};
			name = Debug;
		};
		385811C71EFB1E29007CD2E7 /* Release */ = {
			isa = XCBuildConfiguration;
			buildSettings = {
				ALWAYS_SEARCH_USER_PATHS = NO;
				CLANG_ANALYZER_NONNULL = YES;
				CLANG_ANALYZER_NUMBER_OBJECT_CONVERSION = YES_AGGRESSIVE;
				CLANG_CXX_LANGUAGE_STANDARD = "gnu++0x";
				CLANG_CXX_LIBRARY = "libc++";
				CLANG_ENABLE_MODULES = YES;
				CLANG_ENABLE_OBJC_ARC = YES;
				CLANG_WARN_BOOL_CONVERSION = YES;
				CLANG_WARN_CONSTANT_CONVERSION = YES;
				CLANG_WARN_DIRECT_OBJC_ISA_USAGE = YES_ERROR;
				CLANG_WARN_DOCUMENTATION_COMMENTS = YES;
				CLANG_WARN_EMPTY_BODY = YES;
				CLANG_WARN_ENUM_CONVERSION = YES;
				CLANG_WARN_INFINITE_RECURSION = YES;
				CLANG_WARN_INT_CONVERSION = YES;
				CLANG_WARN_OBJC_ROOT_CLASS = YES_ERROR;
				CLANG_WARN_SUSPICIOUS_MOVE = YES;
				CLANG_WARN_UNREACHABLE_CODE = YES;
				CLANG_WARN__DUPLICATE_METHOD_MATCH = YES;
				"CODE_SIGN_IDENTITY[sdk=iphoneos*]" = "iPhone Developer";
				COPY_PHASE_STRIP = NO;
				DEBUG_INFORMATION_FORMAT = "dwarf-with-dsym";
				ENABLE_NS_ASSERTIONS = NO;
				ENABLE_STRICT_OBJC_MSGSEND = YES;
				GCC_C_LANGUAGE_STANDARD = gnu99;
				GCC_NO_COMMON_BLOCKS = YES;
				GCC_WARN_64_TO_32_BIT_CONVERSION = YES;
				GCC_WARN_ABOUT_RETURN_TYPE = YES_ERROR;
				GCC_WARN_UNDECLARED_SELECTOR = YES;
				GCC_WARN_UNINITIALIZED_AUTOS = YES_AGGRESSIVE;
				GCC_WARN_UNUSED_FUNCTION = YES;
				GCC_WARN_UNUSED_VARIABLE = YES;
				IPHONEOS_DEPLOYMENT_TARGET = 10.3;
				MTL_ENABLE_DEBUG_INFO = NO;
				SDKROOT = iphoneos;
				SWIFT_OPTIMIZATION_LEVEL = "-Owholemodule";
				TARGETED_DEVICE_FAMILY = "1,2";
				VALIDATE_PRODUCT = YES;
			};
			name = Release;
		};
		385811C91EFB1E29007CD2E7 /* Debug */ = {
			isa = XCBuildConfiguration;
			baseConfigurationReference = C21477F20CDA423BBB7995D0 /* Pods-GBens.debug.xcconfig */;
			buildSettings = {
				ASSETCATALOG_COMPILER_APPICON_NAME = AppIcon;
				INFOPLIST_FILE = GBens/Info.plist;
				LD_RUNPATH_SEARCH_PATHS = "$(inherited) @executable_path/Frameworks";
				PRODUCT_BUNDLE_IDENTIFIER = br.iesb.16031088056.GBens;
				PRODUCT_NAME = "$(TARGET_NAME)";
				SWIFT_VERSION = 3.0;
			};
			name = Debug;
		};
		385811CA1EFB1E29007CD2E7 /* Release */ = {
			isa = XCBuildConfiguration;
			baseConfigurationReference = DF22C904961717983B8C1C46 /* Pods-GBens.release.xcconfig */;
			buildSettings = {
				ASSETCATALOG_COMPILER_APPICON_NAME = AppIcon;
				INFOPLIST_FILE = GBens/Info.plist;
				LD_RUNPATH_SEARCH_PATHS = "$(inherited) @executable_path/Frameworks";
				PRODUCT_BUNDLE_IDENTIFIER = br.iesb.16031088056.GBens;
				PRODUCT_NAME = "$(TARGET_NAME)";
				SWIFT_VERSION = 3.0;
			};
			name = Release;
		};
		385811CC1EFB1E29007CD2E7 /* Debug */ = {
			isa = XCBuildConfiguration;
			baseConfigurationReference = 62CA19B6A16D895CC168DFBE /* Pods-GBensTests.debug.xcconfig */;
			buildSettings = {
				ALWAYS_EMBED_SWIFT_STANDARD_LIBRARIES = YES;
				BUNDLE_LOADER = "$(TEST_HOST)";
				INFOPLIST_FILE = GBensTests/Info.plist;
				LD_RUNPATH_SEARCH_PATHS = "$(inherited) @executable_path/Frameworks @loader_path/Frameworks";
				PRODUCT_BUNDLE_IDENTIFIER = br.iesb.16031088056.GBensTests;
				PRODUCT_NAME = "$(TARGET_NAME)";
				SWIFT_VERSION = 3.0;
				TEST_HOST = "$(BUILT_PRODUCTS_DIR)/GBens.app/GBens";
			};
			name = Debug;
		};
		385811CD1EFB1E29007CD2E7 /* Release */ = {
			isa = XCBuildConfiguration;
			baseConfigurationReference = 24E55D41E66B026A008DC24C /* Pods-GBensTests.release.xcconfig */;
			buildSettings = {
				ALWAYS_EMBED_SWIFT_STANDARD_LIBRARIES = YES;
				BUNDLE_LOADER = "$(TEST_HOST)";
				INFOPLIST_FILE = GBensTests/Info.plist;
				LD_RUNPATH_SEARCH_PATHS = "$(inherited) @executable_path/Frameworks @loader_path/Frameworks";
				PRODUCT_BUNDLE_IDENTIFIER = br.iesb.16031088056.GBensTests;
				PRODUCT_NAME = "$(TARGET_NAME)";
				SWIFT_VERSION = 3.0;
				TEST_HOST = "$(BUILT_PRODUCTS_DIR)/GBens.app/GBens";
			};
			name = Release;
		};
		385811CF1EFB1E29007CD2E7 /* Debug */ = {
			isa = XCBuildConfiguration;
			baseConfigurationReference = 6555B0E15F319450DBBAC5DC /* Pods-GBensUITests.debug.xcconfig */;
			buildSettings = {
				ALWAYS_EMBED_SWIFT_STANDARD_LIBRARIES = YES;
				INFOPLIST_FILE = GBensUITests/Info.plist;
				LD_RUNPATH_SEARCH_PATHS = "$(inherited) @executable_path/Frameworks @loader_path/Frameworks";
				PRODUCT_BUNDLE_IDENTIFIER = br.iesb.16031088056.GBensUITests;
				PRODUCT_NAME = "$(TARGET_NAME)";
				SWIFT_VERSION = 3.0;
				TEST_TARGET_NAME = GBens;
			};
			name = Debug;
		};
		385811D01EFB1E29007CD2E7 /* Release */ = {
			isa = XCBuildConfiguration;
			baseConfigurationReference = 1E17B11256C243BE856DD042 /* Pods-GBensUITests.release.xcconfig */;
			buildSettings = {
				ALWAYS_EMBED_SWIFT_STANDARD_LIBRARIES = YES;
				INFOPLIST_FILE = GBensUITests/Info.plist;
				LD_RUNPATH_SEARCH_PATHS = "$(inherited) @executable_path/Frameworks @loader_path/Frameworks";
				PRODUCT_BUNDLE_IDENTIFIER = br.iesb.16031088056.GBensUITests;
				PRODUCT_NAME = "$(TARGET_NAME)";
				SWIFT_VERSION = 3.0;
				TEST_TARGET_NAME = GBens;
			};
			name = Release;
		};
/* End XCBuildConfiguration section */

/* Begin XCConfigurationList section */
		385811981EFB1E28007CD2E7 /* Build configuration list for PBXProject "GBens" */ = {
			isa = XCConfigurationList;
			buildConfigurations = (
				385811C61EFB1E29007CD2E7 /* Debug */,
				385811C71EFB1E29007CD2E7 /* Release */,
			);
			defaultConfigurationIsVisible = 0;
			defaultConfigurationName = Release;
		};
		385811C81EFB1E29007CD2E7 /* Build configuration list for PBXNativeTarget "GBens" */ = {
			isa = XCConfigurationList;
			buildConfigurations = (
				385811C91EFB1E29007CD2E7 /* Debug */,
				385811CA1EFB1E29007CD2E7 /* Release */,
			);
			defaultConfigurationIsVisible = 0;
			defaultConfigurationName = Release;
		};
		385811CB1EFB1E29007CD2E7 /* Build configuration list for PBXNativeTarget "GBensTests" */ = {
			isa = XCConfigurationList;
			buildConfigurations = (
				385811CC1EFB1E29007CD2E7 /* Debug */,
				385811CD1EFB1E29007CD2E7 /* Release */,
			);
			defaultConfigurationIsVisible = 0;
			defaultConfigurationName = Release;
		};
		385811CE1EFB1E29007CD2E7 /* Build configuration list for PBXNativeTarget "GBensUITests" */ = {
			isa = XCConfigurationList;
			buildConfigurations = (
				385811CF1EFB1E29007CD2E7 /* Debug */,
				385811D01EFB1E29007CD2E7 /* Release */,
			);
			defaultConfigurationIsVisible = 0;
			defaultConfigurationName = Release;
		};
/* End XCConfigurationList section */

/* Begin XCVersionGroup section */
		385811A71EFB1E28007CD2E7 /* GBens.xcdatamodeld */ = {
			isa = XCVersionGroup;
			children = (
				385811A81EFB1E28007CD2E7 /* GBens.xcdatamodel */,
			);
			currentVersion = 385811A81EFB1E28007CD2E7 /* GBens.xcdatamodel */;
			path = GBens.xcdatamodeld;
			sourceTree = "<group>";
			versionGroupType = wrapper.xcdatamodel;
		};
/* End XCVersionGroup section */
	};
	rootObject = 385811951EFB1E28007CD2E7 /* Project object */;
}
